
Microsoft Visual Studio Solution File, Format Version 12.00
# Visual Studio Version 17
VisualStudioVersion = 17.10.34916.146
MinimumVisualStudioVersion = 10.0.40219.1
Project("{FAE04EC0-301F-11D3-BF4B-00C04F79EFBC}") = "foro1", "foro1\foro1.csproj", "{1656F42E-23C0-4671-A280-993642BD18A9}"
EndProject
Global
	GlobalSection(SolutionConfigurationPlatforms) = preSolution
		Debug|Any CPU = Debug|Any CPU
		Release|Any CPU = Release|Any CPU
	EndGlobalSection
	GlobalSection(ProjectConfigurationPlatforms) = postSolution
		{1656F42E-23C0-4671-A280-993642BD18A9}.Debug|Any CPU.ActiveCfg = Debug|Any CPU
		{1656F42E-23C0-4671-A280-993642BD18A9}.Debug|Any CPU.Build.0 = Debug|Any CPU
		{1656F42E-23C0-4671-A280-993642BD18A9}.Release|Any CPU.ActiveCfg = Release|Any CPU
		{1656F42E-23C0-4671-A280-993642BD18A9}.Release|Any CPU.Build.0 = Release|Any CPU
	EndGlobalSection
	GlobalSection(SolutionProperties) = preSolution
		HideSolutionNode = FALSE
	EndGlobalSection
	GlobalSection(ExtensibilityGlobals) = postSolution
		SolutionGuid = {D5A77BB7-B6CA-404F-B79A-FE7135E2A366}
	EndGlobalSection
EndGlobal
